
Microsoft Visual Studio Solution File, Format Version 12.00
# Visual Studio Version 17
VisualStudioVersion = 17.9.34321.82
MinimumVisualStudioVersion = 10.0.40219.1
Project("{FAE04EC0-301F-11D3-BF4B-00C04F79EFBC}") = "RidersWebAPI", "RidersWebAPI\RidersWebAPI.csproj", "{C5FBC811-37B4-4043-B448-1563AB0F8122}"
EndProject
Global
	GlobalSection(SolutionConfigurationPlatforms) = preSolution
		Debug|Any CPU = Debug|Any CPU
		Release|Any CPU = Release|Any CPU
	EndGlobalSection
	GlobalSection(ProjectConfigurationPlatforms) = postSolution
		{C5FBC811-37B4-4043-B448-1563AB0F8122}.Debug|Any CPU.ActiveCfg = Debug|Any CPU
		{C5FBC811-37B4-4043-B448-1563AB0F8122}.Debug|Any CPU.Build.0 = Debug|Any CPU
		{C5FBC811-37B4-4043-B448-1563AB0F8122}.Release|Any CPU.ActiveCfg = Release|Any CPU
		{C5FBC811-37B4-4043-B448-1563AB0F8122}.Release|Any CPU.Build.0 = Release|Any CPU
	EndGlobalSection
	GlobalSection(SolutionProperties) = preSolution
		HideSolutionNode = FALSE
	EndGlobalSection
	GlobalSection(ExtensibilityGlobals) = postSolution
		SolutionGuid = {CA70FDE9-F433-4FB8-AE63-46572D02B32D}
	EndGlobalSection
EndGlobal
